PODS:
  - easy_chromecast_plugin (1.0.10):
    - Flutter
    - google-cast-sdk
    - GTMSessionFetcher/Core
  - Flutter (1.0.0)
  - google-cast-sdk (4.8.4)
  - GTMSessionFetcher/Core (5.3.1)

DEPENDENCIES:
  - easy_chromecast_plugin (from `.symlinks/plugins/easy_chromecast_plugin/ios`)
  - Flutter (from `Flutter`)

SPEC REPOS:
  trunk:
    - google-cast-sdk
    - GTMSessionFetcher

EXTERNAL SOURCES:
  easy_chromecast_plugin:
    :path: ".symlinks/plugins/easy_chromecast_plugin/ios"
  Flutter:
    :path: Flutter

SPEC CHECKSUMS:
  easy_chromecast_plugin: 43e75a27dc0210742adb960716d04eb55d3cc698
  Flutter: 71a624a5bc0c04062bf19101d501e466baf2fb47
  google-cast-sdk: 32f65af50d164e3c475e79ad123db3cc26fbcd37
  GTMSessionFetcher: a6d2b2aa203485893d4511ff64642dc811f7c09f

PODFILE CHECKSUM: 53a6aebc29ccee84c41f92f409fc20cd4ca011f1

COCOAPODS: 1.16.2
